{
  "version": 4,
  "terraform_version": "0.12.3",
  "serial": 16,
  "lineage": "bc1a67c0-da0e-1570-98a9-124af008b891",
  "outputs": {
    "host": {
      "value": "35.189.199.255",
      "type": "string",
      "sensitive": true
    },
    "kubernetes_cluster_name": {
      "value": "daei-ar00-val-aesandbox-gke",
      "type": "string"
    },
    "lb_ip": {
      "value": "35.195.226.97",
      "type": "string"
    },
    "region": {
      "value": "europe-west1",
      "type": "string"
    }
  },
  "resources": [
    {
      "mode": "managed",
      "type": "google_compute_network",
      "name": "vpc",
      "provider": "provider.google",
      "instances": [
        {
          "schema_version": 0,
          "attributes": {
            "auto_create_subnetworks": false,
            "delete_default_routes_on_create": false,
            "description": "",
            "gateway_ipv4": "",
            "id": "projects/daei-ar00-val-aesandbox/global/networks/daei-ar00-val-aesandbox-vpc",
            "mtu": 0,
            "name": "daei-ar00-val-aesandbox-vpc",
            "project": "daei-ar00-val-aesandbox",
            "routing_mode": "REGIONAL",
            "self_link": "https://www.googleapis.com/compute/v1/projects/daei-ar00-val-aesandbox/global/networks/daei-ar00-val-aesandbox-vpc",
            "timeouts": null
          },
          "private": "eyJlMmJmYjczMC1lY2FhLTExZTYtOGY4OC0zNDM2M2JjN2M0YzAiOnsiY3JlYXRlIjoyNDAwMDAwMDAwMDAsImRlbGV0ZSI6MjQwMDAwMDAwMDAwLCJ1cGRhdGUiOjI0MDAwMDAwMDAwMH19"
        }
      ]
    },
    {
      "mode": "managed",
      "type": "google_compute_subnetwork",
      "name": "subnet",
      "provider": "provider.google",
      "instances": [
        {
          "schema_version": 0,
          "attributes": {
            "creation_timestamp": "2020-11-18T01:35:43.493-08:00",
            "description": "",
            "fingerprint": null,
            "gateway_address": "10.10.0.1",
            "id": "projects/daei-ar00-val-aesandbox/regions/europe-west1/subnetworks/daei-ar00-val-aesandbox-subnet",
            "ip_cidr_range": "10.10.0.0/24",
            "log_config": [],
            "name": "daei-ar00-val-aesandbox-subnet",
            "network": "https://www.googleapis.com/compute/v1/projects/daei-ar00-val-aesandbox/global/networks/daei-ar00-val-aesandbox-vpc",
            "private_ip_google_access": false,
            "private_ipv6_google_access": "DISABLE_GOOGLE_ACCESS",
            "project": "daei-ar00-val-aesandbox",
            "region": "europe-west1",
            "secondary_ip_range": [],
            "self_link": "https://www.googleapis.com/compute/v1/projects/daei-ar00-val-aesandbox/regions/europe-west1/subnetworks/daei-ar00-val-aesandbox-subnet",
            "timeouts": null
          },
          "private": "eyJlMmJmYjczMC1lY2FhLTExZTYtOGY4OC0zNDM2M2JjN2M0YzAiOnsiY3JlYXRlIjozNjAwMDAwMDAwMDAsImRlbGV0ZSI6MzYwMDAwMDAwMDAwLCJ1cGRhdGUiOjM2MDAwMDAwMDAwMH19",
          "depends_on": [
            "google_compute_network.vpc"
          ]
        }
      ]
    },
    {
      "mode": "managed",
      "type": "google_container_cluster",
      "name": "primary",
      "provider": "provider.google",
      "instances": [
        {
          "schema_version": 1,
          "attributes": {
            "addons_config": [
              {
                "cloudrun_config": [],
                "horizontal_pod_autoscaling": [],
                "http_load_balancing": [],
                "network_policy_config": [
                  {
                    "disabled": true
                  }
                ]
              }
            ],
            "authenticator_groups_config": [],
            "cluster_autoscaling": [
              {
                "auto_provisioning_defaults": [],
                "enabled": false,
                "resource_limits": []
              }
            ],
            "cluster_ipv4_cidr": "10.184.0.0/14",
            "database_encryption": [
              {
                "key_name": "",
                "state": "DECRYPTED"
              }
            ],
            "default_max_pods_per_node": null,
            "description": "",
            "enable_binary_authorization": false,
            "enable_intranode_visibility": null,
            "enable_kubernetes_alpha": false,
            "enable_legacy_abac": false,
            "enable_shielded_nodes": false,
            "enable_tpu": null,
            "endpoint": "35.189.199.255",
            "id": "projects/daei-ar00-val-aesandbox/locations/europe-west1/clusters/daei-ar00-val-aesandbox-gke",
            "initial_node_count": 1,
            "instance_group_urls": [
              "https://www.googleapis.com/compute/v1/projects/daei-ar00-val-aesandbox/zones/europe-west1-c/instanceGroups/gke-daei-ar00-val-ae-daei-ar00-val-ae-28bdf2ea-grp",
              "https://www.googleapis.com/compute/v1/projects/daei-ar00-val-aesandbox/zones/europe-west1-d/instanceGroups/gke-daei-ar00-val-ae-daei-ar00-val-ae-3d3d43a8-grp",
              "https://www.googleapis.com/compute/v1/projects/daei-ar00-val-aesandbox/zones/europe-west1-b/instanceGroups/gke-daei-ar00-val-ae-daei-ar00-val-ae-1ba2c919-grp"
            ],
            "ip_allocation_policy": [],
            "label_fingerprint": "a9dc16a7",
            "location": "europe-west1",
            "logging_service": "logging.googleapis.com/kubernetes",
            "maintenance_policy": [],
            "master_auth": [
              {
                "client_certificate": "",
                "client_certificate_config": [
                  {
                    "issue_client_certificate": false
                  }
                ],
                "client_key": "",
                "cluster_ca_certificate": "LS0tLS1CRUdJTiBDRVJUSUZJQ0FURS0tLS0tCk1JSURLakNDQWhLZ0F3SUJBZ0lRRy90WldBblpmOEF6OThTczlQbGo1ekFOQmdrcWhraUc5dzBCQVFzRkFEQXYKTVMwd0t3WURWUVFERXlRNU56QTFNalptT1Mwek9EazRMVFJqTURZdFlUTTFZUzAwTkRoalpEZGlZemt4TlRFdwpIaGNOTWpBeE1URTRNRGd6TmpBMldoY05NalV4TVRFM01Ea3pOakEyV2pBdk1TMHdLd1lEVlFRREV5UTVOekExCk1qWm1PUzB6T0RrNExUUmpNRFl0WVRNMVlTMDBORGhqWkRkaVl6a3hOVEV3Z2dFaU1BMEdDU3FHU0liM0RRRUIKQVFVQUE0SUJEd0F3Z2dFS0FvSUJBUURHS04vWjM0bXEwR2ZJUDBraUF6SmFId3hFRG9vdDJ4TFhFdWswdEltcApERlUrcGsvcmF1VldhT21oZWFWNnlZY21EYllFMmtpdXFtdkh4N05GQ2NaZnMzZ1YwdGk0cWgrVDd2Y01QY2c3CkVkaVVYQStFaGkveEROMHFYR3RmR29NK0xNVCtpRXdoU2dld0wwbjAreVVIeVhablk2Zm5XMW5XRGpmMEdyUU4KZG16Z1E4am9ROTZWSWdsYmdWZ1NYSXlsbjJtRmt6QlZJUVlxVi9rdVdaVkdzMXJLYW1GV1hpUEF3ZnJlajZycQpBdUJLOVNMaUYzc1hIa3lnVTF2bW82NmRjNW5TZ2k5aVdoR2Z1MVNIZDZ5LzBIc3RycWhCUWhDZWJCeWxydFdzCjJ1Zkw3SHFNWExYQjYvMFZ5Z1lOc01EeXBRMEdkVklRQ1FiV1plaWNzdlhiQWdNQkFBR2pRakJBTUE0R0ExVWQKRHdFQi93UUVBd0lDQkRBUEJnTlZIUk1CQWY4RUJUQURBUUgvTUIwR0ExVWREZ1FXQkJRV1lhYjJ3V3JJL2tFZgpxdG9vcE5sZHhuUWRhVEFOQmdrcWhraUc5dzBCQVFzRkFBT0NBUUVBZ1NKL0didzlza1hoMXRuL2xPOUF1SmZHCndOWVRUc1NkQlJsTXF5eVNyTFhISTF5SGtyb3BsVng2eVgvR2g0K1cxUThoTEpGUnR4bVJXV3F6UW90cExKWEMKQUNCN3FWWWRHMFZvVW9QZW9sclc1NXI0d3c0Z3JSanc4ZGhKOENhTUFuMHMraFU4WVpJYmFORjFXa3JxaHY2SAplSWVrL0tiMXdsY3FhR3hoSXovUTgxMm43NU9RcGZCRzFva1ZoNlRnd3IzTHVZUFMwUm00empEMGcwTkc0c1ZWCkd1dWREamJlbnRDODRBdHY4RHVqMlN0elptd3RkR2hGUjR4MTlYdlAvVVRXQmxROXRtMFh6TjZRQ0NQcUdsa20KRTNLRmtjVlBDM3BlVTk0VHhxeGI2YmhSNW9uaHVrZkpPVWUvaDFyYjRzaEtBWjdyZ0VGUVc2dlkzbHBEVlE9PQotLS0tLUVORCBDRVJUSUZJQ0FURS0tLS0tCg==",
                "password": "",
                "username": ""
              }
            ],
            "master_authorized_networks_config": [],
            "master_version": "1.16.13-gke.401",
            "min_master_version": null,
            "monitoring_service": "monitoring.googleapis.com/kubernetes",
            "name": "daei-ar00-val-aesandbox-gke",
            "network": "projects/daei-ar00-val-aesandbox/global/networks/daei-ar00-val-aesandbox-vpc",
            "network_policy": [
              {
                "enabled": false,
                "provider": "PROVIDER_UNSPECIFIED"
              }
            ],
            "node_config": [
              {
                "disk_size_gb": 100,
                "disk_type": "pd-standard",
                "guest_accelerator": [],
                "image_type": "COS",
                "labels": {
                  "env": "daei-ar00-val-aesandbox"
                },
                "local_ssd_count": 0,
                "machine_type": "n1-standard-1",
                "metadata": {
                  "disable-legacy-endpoints": "true"
                },
                "min_cpu_platform": "",
                "oauth_scopes": [
                  "https://www.googleapis.com/auth/logging.write",
                  "https://www.googleapis.com/auth/monitoring"
                ],
                "preemptible": false,
                "service_account": "default",
                "shielded_instance_config": [
                  {
                    "enable_integrity_monitoring": true,
                    "enable_secure_boot": false
                  }
                ],
                "tags": [
                  "gke-node",
                  "daei-ar00-val-aesandbox-gke"
                ],
                "taint": [],
                "workload_metadata_config": []
              }
            ],
            "node_locations": [
              "europe-west1-b",
              "europe-west1-c",
              "europe-west1-d"
            ],
            "node_pool": [
              {
                "autoscaling": [],
                "initial_node_count": 3,
                "instance_group_urls": [
                  "https://www.googleapis.com/compute/v1/projects/daei-ar00-val-aesandbox/zones/europe-west1-c/instanceGroupManagers/gke-daei-ar00-val-ae-daei-ar00-val-ae-28bdf2ea-grp",
                  "https://www.googleapis.com/compute/v1/projects/daei-ar00-val-aesandbox/zones/europe-west1-d/instanceGroupManagers/gke-daei-ar00-val-ae-daei-ar00-val-ae-3d3d43a8-grp",
                  "https://www.googleapis.com/compute/v1/projects/daei-ar00-val-aesandbox/zones/europe-west1-b/instanceGroupManagers/gke-daei-ar00-val-ae-daei-ar00-val-ae-1ba2c919-grp"
                ],
                "management": [
                  {
                    "auto_repair": true,
                    "auto_upgrade": true
                  }
                ],
                "max_pods_per_node": 0,
                "name": "daei-ar00-val-aesandbox-gke-node-pool",
                "name_prefix": "",
                "node_config": [
                  {
                    "disk_size_gb": 100,
                    "disk_type": "pd-standard",
                    "guest_accelerator": [],
                    "image_type": "COS",
                    "labels": {
                      "env": "daei-ar00-val-aesandbox"
                    },
                    "local_ssd_count": 0,
                    "machine_type": "n1-standard-1",
                    "metadata": {
                      "disable-legacy-endpoints": "true"
                    },
                    "min_cpu_platform": "",
                    "oauth_scopes": [
                      "https://www.googleapis.com/auth/logging.write",
                      "https://www.googleapis.com/auth/monitoring"
                    ],
                    "preemptible": false,
                    "service_account": "default",
                    "shielded_instance_config": [
                      {
                        "enable_integrity_monitoring": true,
                        "enable_secure_boot": false
                      }
                    ],
                    "tags": [
                      "gke-node",
                      "daei-ar00-val-aesandbox-gke"
                    ],
                    "taint": [],
                    "workload_metadata_config": []
                  }
                ],
                "node_count": 3,
                "node_locations": [
                  "europe-west1-b",
                  "europe-west1-c",
                  "europe-west1-d"
                ],
                "upgrade_settings": [
                  {
                    "max_surge": 1,
                    "max_unavailable": 0
                  }
                ],
                "version": "1.16.13-gke.401"
              }
            ],
            "node_version": "1.16.13-gke.401",
            "operation": null,
            "pod_security_policy_config": [],
            "private_cluster_config": [],
            "project": "daei-ar00-val-aesandbox",
            "release_channel": [
              {
                "channel": "UNSPECIFIED"
              }
            ],
            "remove_default_node_pool": true,
            "resource_labels": {},
            "resource_usage_export_config": [],
            "self_link": "https://container.googleapis.com/v1beta1/projects/daei-ar00-val-aesandbox/locations/europe-west1/clusters/daei-ar00-val-aesandbox-gke",
            "services_ipv4_cidr": "10.187.240.0/20",
            "subnetwork": "projects/daei-ar00-val-aesandbox/regions/europe-west1/subnetworks/daei-ar00-val-aesandbox-subnet",
            "timeouts": null,
            "vertical_pod_autoscaling": [],
            "workload_identity_config": []
          },
          "private": "eyJlMmJmYjczMC1lY2FhLTExZTYtOGY4OC0zNDM2M2JjN2M0YzAiOnsiY3JlYXRlIjoyNDAwMDAwMDAwMDAwLCJkZWxldGUiOjI0MDAwMDAwMDAwMDAsInJlYWQiOjI0MDAwMDAwMDAwMDAsInVwZGF0ZSI6MzYwMDAwMDAwMDAwMH0sInNjaGVtYV92ZXJzaW9uIjoiMSJ9",
          "depends_on": [
            "google_compute_network.vpc",
            "google_compute_subnetwork.subnet"
          ]
        }
      ]
    },
    {
      "mode": "managed",
      "type": "google_container_node_pool",
      "name": "primary_nodes",
      "provider": "provider.google",
      "instances": [
        {
          "schema_version": 1,
          "attributes": {
            "autoscaling": [],
            "cluster": "daei-ar00-val-aesandbox-gke",
            "id": "projects/daei-ar00-val-aesandbox/locations/europe-west1/clusters/daei-ar00-val-aesandbox-gke/nodePools/daei-ar00-val-aesandbox-gke-node-pool",
            "initial_node_count": 3,
            "instance_group_urls": [
              "https://www.googleapis.com/compute/v1/projects/daei-ar00-val-aesandbox/zones/europe-west1-c/instanceGroupManagers/gke-daei-ar00-val-ae-daei-ar00-val-ae-28bdf2ea-grp",
              "https://www.googleapis.com/compute/v1/projects/daei-ar00-val-aesandbox/zones/europe-west1-d/instanceGroupManagers/gke-daei-ar00-val-ae-daei-ar00-val-ae-3d3d43a8-grp",
              "https://www.googleapis.com/compute/v1/projects/daei-ar00-val-aesandbox/zones/europe-west1-b/instanceGroupManagers/gke-daei-ar00-val-ae-daei-ar00-val-ae-1ba2c919-grp"
            ],
            "location": "europe-west1",
            "management": [
              {
                "auto_repair": true,
                "auto_upgrade": true
              }
            ],
            "max_pods_per_node": null,
            "name": "daei-ar00-val-aesandbox-gke-node-pool",
            "name_prefix": "",
            "node_config": [
              {
                "disk_size_gb": 100,
                "disk_type": "pd-standard",
                "guest_accelerator": [],
                "image_type": "COS",
                "labels": {
                  "env": "daei-ar00-val-aesandbox"
                },
                "local_ssd_count": 0,
                "machine_type": "n1-standard-1",
                "metadata": {
                  "disable-legacy-endpoints": "true"
                },
                "min_cpu_platform": "",
                "oauth_scopes": [
                  "https://www.googleapis.com/auth/logging.write",
                  "https://www.googleapis.com/auth/monitoring"
                ],
                "preemptible": false,
                "service_account": "default",
                "shielded_instance_config": [
                  {
                    "enable_integrity_monitoring": true,
                    "enable_secure_boot": false
                  }
                ],
                "tags": [
                  "gke-node",
                  "daei-ar00-val-aesandbox-gke"
                ],
                "taint": [],
                "workload_metadata_config": []
              }
            ],
            "node_count": 3,
            "node_locations": [
              "europe-west1-b",
              "europe-west1-c",
              "europe-west1-d"
            ],
            "project": "daei-ar00-val-aesandbox",
            "timeouts": null,
            "upgrade_settings": [
              {
                "max_surge": 1,
                "max_unavailable": 0
              }
            ],
            "version": "1.16.13-gke.401"
          },
          "private": "eyJlMmJmYjczMC1lY2FhLTExZTYtOGY4OC0zNDM2M2JjN2M0YzAiOnsiY3JlYXRlIjoxODAwMDAwMDAwMDAwLCJkZWxldGUiOjE4MDAwMDAwMDAwMDAsInVwZGF0ZSI6MTgwMDAwMDAwMDAwMH0sInNjaGVtYV92ZXJzaW9uIjoiMSJ9",
          "depends_on": [
            "google_container_cluster.primary"
          ]
        }
      ]
    },
    {
      "mode": "managed",
      "type": "kubernetes_pod",
      "name": "chatapi-single",
      "provider": "provider.kubernetes",
      "instances": [
        {
          "schema_version": 0,
          "attributes": {
            "id": "default/chatapi-from-terra",
            "metadata": [
              {
                "annotations": null,
                "generate_name": "",
                "generation": 0,
                "labels": {
                  "app": "chatapi-from-terra"
                },
                "name": "chatapi-from-terra",
                "namespace": "default",
                "resource_version": "91128",
                "self_link": "/api/v1/namespaces/default/pods/chatapi-from-terra",
                "uid": "e3c163a8-54b4-4831-9c83-c021472749dd"
              }
            ],
            "spec": [
              {
                "active_deadline_seconds": 0,
                "affinity": [],
                "automount_service_account_token": false,
                "container": [
                  {
                    "args": null,
                    "command": null,
                    "env": [],
                    "env_from": [],
                    "image": "docker.io/scastrec/chatapi",
                    "image_pull_policy": "Always",
                    "lifecycle": [],
                    "liveness_probe": [],
                    "name": "chatapi",
                    "port": [
                      {
                        "container_port": 8080,
                        "host_ip": "",
                        "host_port": 0,
                        "name": "",
                        "protocol": "TCP"
                      }
                    ],
                    "readiness_probe": [],
                    "resources": [
                      {
                        "limits": [],
                        "requests": [
                          {
                            "cpu": "100m",
                            "memory": ""
                          }
                        ]
                      }
                    ],
                    "security_context": [],
                    "startup_probe": [],
                    "stdin": false,
                    "stdin_once": false,
                    "termination_message_path": "/dev/termination-log",
                    "termination_message_policy": "File",
                    "tty": false,
                    "volume_mount": [],
                    "working_dir": ""
                  }
                ],
                "dns_config": [],
                "dns_policy": "ClusterFirst",
                "enable_service_links": true,
                "host_aliases": [],
                "host_ipc": false,
                "host_network": false,
                "host_pid": false,
                "hostname": "",
                "image_pull_secrets": [],
                "init_container": [],
                "node_name": "gke-daei-ar00-val-ae-daei-ar00-val-ae-3d3d43a8-bq3f",
                "node_selector": null,
                "priority_class_name": "",
                "readiness_gate": [],
                "restart_policy": "Always",
                "security_context": [],
                "service_account_name": "default",
                "share_process_namespace": false,
                "subdomain": "",
                "termination_grace_period_seconds": 30,
                "toleration": [],
                "volume": []
              }
            ],
            "timeouts": null
          },
          "private": "eyJlMmJmYjczMC1lY2FhLTExZTYtOGY4OC0zNDM2M2JjN2M0YzAiOnsiY3JlYXRlIjozMDAwMDAwMDAwMDAsImRlbGV0ZSI6MzAwMDAwMDAwMDAwfX0="
        }
      ]
    },
    {
      "mode": "managed",
      "type": "kubernetes_service",
      "name": "nginx",
      "provider": "provider.kubernetes",
      "instances": [
        {
          "schema_version": 0,
          "attributes": {
            "id": "default/nginx",
            "load_balancer_ingress": [
              {
                "hostname": "",
                "ip": "35.195.226.97"
              }
            ],
            "metadata": [
              {
                "annotations": {},
                "generate_name": "",
                "generation": 0,
                "labels": {},
                "name": "nginx",
                "namespace": "default",
                "resource_version": "80389",
                "self_link": "/api/v1/namespaces/default/services/nginx",
                "uid": "f7da3cd1-d89f-4332-bf40-8304ee4cb899"
              }
            ],
            "spec": [
              {
                "cluster_ip": "10.187.255.140",
                "external_ips": [],
                "external_name": "",
                "external_traffic_policy": "Cluster",
                "health_check_node_port": 0,
                "load_balancer_ip": "",
                "load_balancer_source_ranges": [],
                "port": [
                  {
                    "name": "",
                    "node_port": 30141,
                    "port": 80,
                    "protocol": "TCP",
                    "target_port": "8080"
                  }
                ],
                "publish_not_ready_addresses": false,
                "selector": {
                  "app": "chatapi-from-terra"
                },
                "session_affinity": "None",
                "type": "LoadBalancer"
              }
            ],
            "timeouts": null
          },
          "private": "eyJlMmJmYjczMC1lY2FhLTExZTYtOGY4OC0zNDM2M2JjN2M0YzAiOnsiY3JlYXRlIjo2MDAwMDAwMDAwMDB9fQ==",
          "depends_on": [
            "kubernetes_pod.chatapi-from-terra"
          ]
        }
      ]
    },
    {
      "mode": "managed",
      "type": "kubernetes_service",
      "name": "nginx_multi",
      "provider": "provider.kubernetes",
      "instances": []
    }
  ]
}
